{
  "name": "@papervault/init",
  "version": "0.1.0",
  "lockfileVersion": 3,
  "requires": true,
  "packages": {
    "": {
      "name": "@papervault/init",
      "version": "0.1.0",
      "license": "MIT",
      "dependencies": {
        "@papervault/cli": "file:../papervault-cli"
      },
      "bin": {
        "papervault-init": "src/index.js"
      },
      "engines": {
        "node": ">=24.x"
      }
    },
    "../papervault-cli": {
      "name": "@papervault/cli",
      "version": "0.1.0",
      "license": "MIT",
      "dependencies": {
        "@azure/identity": "^4.4.1",
        "@azure/keyvault-secrets": "^4.9.0",
        "@clack/prompts": "^0.7.0",
        "@papervault/core": "file:../papervault-core"
      },
      "bin": {
        "papervault": "src/index.js"
      },
      "engines": {
        "node": ">=24.x"
      }
    },
    "node_modules/@papervault/cli": {
      "resolved": "../papervault-cli",
      "link": true
    }
  }
}
